<?xml version="1.0" encoding="utf-8"?>
<Project ToolsVersion="4.0" xmlns="http://schemas.microsoft.com/developer/msbuild/2003">
  <ItemGroup>
    <Filter Include="Components">
      <UniqueIdentifier>{401921de-8db1-44f0-a85a-c4cbed3ffa4f}</UniqueIdentifier>
    </Filter>
    <Filter Include="Actor">
      <UniqueIdentifier>{58be68c2-8ea8-4dec-9409-cbde9a8fe580}</UniqueIdentifier>
    </Filter>
  </ItemGroup>
  <ItemGroup>
    <ClCompile Include="..\..\..\src\main.cpp" />
    <ClCompile Include="..\..\..\src\Componets\MemoryShareComponent.cpp">
      <Filter>Components</Filter>
    </ClCompile>
    <ClCompile Include="..\..\..\src\Componets\SocketComponent.cpp">
      <Filter>Components</Filter>
    </ClCompile>
  </ItemGroup>
  <ItemGroup>
    <ClInclude Include="..\..\..\src\Componets\MemoryShareComponent.h">
      <Filter>Components</Filter>
    </ClInclude>
    <ClInclude Include="..\..\..\src\Componets\SocketComponent.h">
      <Filter>Components</Filter>
    </ClInclude>
    <ClInclude Include="..\..\..\src\Componets\Component.h">
      <Filter>Components</Filter>
    </ClInclude>
    <ClInclude Include="..\..\..\src\Actor\Actor.h">
      <Filter>Actor</Filter>
    </ClInclude>
  </ItemGroup>
</Project>